
Microsoft Visual Studio Solution File, Format Version 12.00
# Visual Studio Version 17
VisualStudioVersion = 17.11.35327.3
MinimumVisualStudioVersion = 10.0.40219.1
Project("{9A19103F-16F7-4668-BE54-9A1E7A4F7556}") = "API", "API\API.csproj", "{6018C2EC-C4B5-4E69-B667-9E210952AD17}"
EndProject
Project("{9A19103F-16F7-4668-BE54-9A1E7A4F7556}") = "Migration", "Migration\Migration.csproj", "{694435CF-1CEE-4AE9-BE7C-EF6FE3A172EC}"
EndProject
Project("{9A19103F-16F7-4668-BE54-9A1E7A4F7556}") = "Domain", "Domain\Domain.csproj", "{1A23DF1D-9F2E-4042-8A11-4C0F9FDD2116}"
EndProject
Project("{9A19103F-16F7-4668-BE54-9A1E7A4F7556}") = "Repository", "Repository\Repository.csproj", "{153EDC9D-711E-42E6-8941-45510DBB296E}"
EndProject
Project("{9A19103F-16F7-4668-BE54-9A1E7A4F7556}") = "Service", "Service\Service.csproj", "{A316CFE9-2D27-4D45-8526-5C7F9A71648C}"
EndProject
Global
	GlobalSection(SolutionConfigurationPlatforms) = preSolution
		Debug|Any CPU = Debug|Any CPU
		Release|Any CPU = Release|Any CPU
	EndGlobalSection
	GlobalSection(ProjectConfigurationPlatforms) = postSolution
		{6018C2EC-C4B5-4E69-B667-9E210952AD17}.Debug|Any CPU.ActiveCfg = Debug|Any CPU
		{6018C2EC-C4B5-4E69-B667-9E210952AD17}.Debug|Any CPU.Build.0 = Debug|Any CPU
		{6018C2EC-C4B5-4E69-B667-9E210952AD17}.Release|Any CPU.ActiveCfg = Release|Any CPU
		{6018C2EC-C4B5-4E69-B667-9E210952AD17}.Release|Any CPU.Build.0 = Release|Any CPU
		{694435CF-1CEE-4AE9-BE7C-EF6FE3A172EC}.Debug|Any CPU.ActiveCfg = Debug|Any CPU
		{694435CF-1CEE-4AE9-BE7C-EF6FE3A172EC}.Debug|Any CPU.Build.0 = Debug|Any CPU
		{694435CF-1CEE-4AE9-BE7C-EF6FE3A172EC}.Release|Any CPU.ActiveCfg = Release|Any CPU
		{694435CF-1CEE-4AE9-BE7C-EF6FE3A172EC}.Release|Any CPU.Build.0 = Release|Any CPU
		{1A23DF1D-9F2E-4042-8A11-4C0F9FDD2116}.Debug|Any CPU.ActiveCfg = Debug|Any CPU
		{1A23DF1D-9F2E-4042-8A11-4C0F9FDD2116}.Debug|Any CPU.Build.0 = Debug|Any CPU
		{1A23DF1D-9F2E-4042-8A11-4C0F9FDD2116}.Release|Any CPU.ActiveCfg = Release|Any CPU
		{1A23DF1D-9F2E-4042-8A11-4C0F9FDD2116}.Release|Any CPU.Build.0 = Release|Any CPU
		{153EDC9D-711E-42E6-8941-45510DBB296E}.Debug|Any CPU.ActiveCfg = Debug|Any CPU
		{153EDC9D-711E-42E6-8941-45510DBB296E}.Debug|Any CPU.Build.0 = Debug|Any CPU
		{153EDC9D-711E-42E6-8941-45510DBB296E}.Release|Any CPU.ActiveCfg = Release|Any CPU
		{153EDC9D-711E-42E6-8941-45510DBB296E}.Release|Any CPU.Build.0 = Release|Any CPU
		{A316CFE9-2D27-4D45-8526-5C7F9A71648C}.Debug|Any CPU.ActiveCfg = Debug|Any CPU
		{A316CFE9-2D27-4D45-8526-5C7F9A71648C}.Debug|Any CPU.Build.0 = Debug|Any CPU
		{A316CFE9-2D27-4D45-8526-5C7F9A71648C}.Release|Any CPU.ActiveCfg = Release|Any CPU
		{A316CFE9-2D27-4D45-8526-5C7F9A71648C}.Release|Any CPU.Build.0 = Release|Any CPU
	EndGlobalSection
	GlobalSection(SolutionProperties) = preSolution
		HideSolutionNode = FALSE
	EndGlobalSection
	GlobalSection(ExtensibilityGlobals) = postSolution
		SolutionGuid = {265912B8-A5A2-4E33-B0CA-FE7F90E06DC1}
	EndGlobalSection
EndGlobal
